{
  "version": 4,
  "terraform_version": "1.6.0",
  "serial": 75,
  "lineage": "74f9499e-7771-7871-5fcf-10418a8edab6",
  "outputs": {
    "data_subnets": {
      "value": [
        "ap-south-1",
        "ap-south-1"
      ],
      "type": [
        "tuple",
        [
          "string",
          "string"
        ]
      ]
    },
    "vpc_id": {
      "value": "vpc-07dce06df5b268359",
      "type": "string"
    }
  },
  "resources": [
    {
      "module": "module.Webserver",
      "mode": "managed",
      "type": "aws_instance",
      "name": "Webserver",
      "provider": "provider[\"registry.opentofu.org/hashicorp/aws\"]",
      "instances": [
        {
          "schema_version": 1,
          "attributes": {
            "ami": "ami-0a0f1259dd1c90938",
            "arn": "arn:aws:ec2:ap-south-1:732837927423:instance/i-00792dfabe27a0951",
            "associate_public_ip_address": true,
            "availability_zone": "ap-south-1a",
            "capacity_reservation_specification": [
              {
                "capacity_reservation_preference": "open",
                "capacity_reservation_target": []
              }
            ],
            "cpu_core_count": 1,
            "cpu_options": [
              {
                "amd_sev_snp": "",
                "core_count": 1,
                "threads_per_core": 1
              }
            ],
            "cpu_threads_per_core": 1,
            "credit_specification": [
              {
                "cpu_credits": "standard"
              }
            ],
            "disable_api_stop": false,
            "disable_api_termination": false,
            "ebs_block_device": [],
            "ebs_optimized": false,
            "enclave_options": [
              {
                "enabled": false
              }
            ],
            "ephemeral_block_device": [],
            "get_password_data": false,
            "hibernation": false,
            "host_id": "",
            "host_resource_group_arn": null,
            "iam_instance_profile": "",
            "id": "i-00792dfabe27a0951",
            "instance_initiated_shutdown_behavior": "stop",
            "instance_lifecycle": "",
            "instance_market_options": [],
            "instance_state": "running",
            "instance_type": "t2.micro",
            "ipv6_address_count": 0,
            "ipv6_addresses": [],
            "key_name": "Webserver_keypair",
            "launch_template": [],
            "maintenance_options": [
              {
                "auto_recovery": "default"
              }
            ],
            "metadata_options": [
              {
                "http_endpoint": "enabled",
                "http_protocol_ipv6": "disabled",
                "http_put_response_hop_limit": 2,
                "http_tokens": "required",
                "instance_metadata_tags": "disabled"
              }
            ],
            "monitoring": false,
            "network_interface": [],
            "outpost_arn": "",
            "password_data": "",
            "placement_group": "",
            "placement_partition_number": 0,
            "primary_network_interface_id": "eni-03bb6033c5c5ba696",
            "private_dns": "ip-10-0-1-54.ap-south-1.compute.internal",
            "private_dns_name_options": [
              {
                "enable_resource_name_dns_a_record": false,
                "enable_resource_name_dns_aaaa_record": false,
                "hostname_type": "ip-name"
              }
            ],
            "private_ip": "10.0.1.54",
            "public_dns": "ec2-65-2-11-126.ap-south-1.compute.amazonaws.com",
            "public_ip": "65.2.11.126",
            "root_block_device": [
              {
                "delete_on_termination": true,
                "device_name": "/dev/xvda",
                "encrypted": false,
                "iops": 3000,
                "kms_key_id": "",
                "tags": {},
                "throughput": 125,
                "volume_id": "vol-0821b8b1dd570931b",
                "volume_size": 8,
                "volume_type": "gp3"
              }
            ],
            "secondary_private_ips": [],
            "security_groups": [],
            "source_dest_check": true,
            "spot_instance_request_id": "",
            "subnet_id": "subnet-02d45f2f58a8e056b",
            "tags": {
              "Name": "Webserver_Host"
            },
            "tags_all": {
              "Name": "Webserver_Host"
            },
            "tenancy": "default",
            "timeouts": null,
            "user_data": "7795ca53aaa88c5656c786926afeeabfddf927bc",
            "user_data_base64": null,
            "user_data_replace_on_change": false,
            "volume_tags": null,
            "vpc_security_group_ids": [
              "sg-007a9b879209c62db"
            ]
          },
          "sensitive_attributes": [],
          "private": "eyJlMmJmYjczMC1lY2FhLTExZTYtOGY4OC0zNDM2M2JjN2M0YzAiOnsiY3JlYXRlIjo2MDAwMDAwMDAwMDAsImRlbGV0ZSI6MTIwMDAwMDAwMDAwMCwidXBkYXRlIjo2MDAwMDAwMDAwMDB9LCJzY2hlbWFfdmVyc2lvbiI6IjEifQ==",
          "dependencies": [
            "module.Webserver.aws_security_group.Webserver_sg",
            "module.VPC.aws_eip.nat_eip",
            "module.VPC.aws_internet_gateway.gw",
            "module.VPC.aws_nat_gateway.ngw",
            "module.VPC.aws_route_table.private_rt",
            "module.VPC.aws_route_table.second_rt",
            "module.VPC.aws_route_table_association.private_subnet_asso",
            "module.VPC.aws_route_table_association.public_subnet_asso",
            "module.VPC.aws_subnet.private_subs",
            "module.VPC.aws_subnet.public_subs",
            "module.VPC.aws_vpc.main_vpc"
          ],
          "create_before_destroy": true
        }
      ]
    },
    {
      "module": "module.Webserver",
      "mode": "managed",
      "type": "aws_key_pair",
      "name": "Webserver_key_pair",
      "provider": "provider[\"registry.opentofu.org/hashicorp/aws\"]",
      "instances": [
        {
          "schema_version": 1,
          "attributes": {
            "arn": "arn:aws:ec2:ap-south-1:732837927423:key-pair/Webserver_keypair",
            "fingerprint": "94:64:7c:9a:11:98:71:ae:11:9a:1d:06:14:61:24:b7",
            "id": "Webserver_keypair",
            "key_name": "Webserver_keypair",
            "key_name_prefix": "",
            "key_pair_id": "key-04c75c806af213dd3",
            "key_type": "rsa",
            "public_key": "ssh-rsa AAAAB3NzaC1yc2EAAAADAQABAAABAQCetvCFwASHXyy/ThbfkGEOjFgqTL5H28p/4QdY9692JFyCEHavJFi2D7uhbK4iQnXplomZ/Gc3xj8xQrdIlsbol2Z1ydU5t2E9x+CtI4nTGJCTM9d2a/F7fNWF5UEtEuHx+pgiytVMA+SEZyIisK5tMiYaCHNWqTUCO1dcmFnDu0etIKuWXWzNHzVkg+/Twqm0gFV21s0RWO/rWWCBE+FQg6QVymSVqHQPHRJ0PwueomrlWiF4uaXb7vkrB0jxvmqlAUj5OTd7QGlO4v74JAyY/a7jABzpP5+4Ao4k3o3pfe391iAbskZBYgwlLwLhoncIm6Pq/XgTnkOjS4HEf4S3 ubuntu@ip-172-31-38-253",
            "tags": null,
            "tags_all": {}
          },
          "sensitive_attributes": [],
          "private": "eyJzY2hlbWFfdmVyc2lvbiI6IjEifQ==",
          "dependencies": [
            "module.VPC.aws_eip.nat_eip",
            "module.VPC.aws_internet_gateway.gw",
            "module.VPC.aws_nat_gateway.ngw",
            "module.VPC.aws_route_table.private_rt",
            "module.VPC.aws_route_table.second_rt",
            "module.VPC.aws_route_table_association.private_subnet_asso",
            "module.VPC.aws_route_table_association.public_subnet_asso",
            "module.VPC.aws_subnet.private_subs",
            "module.VPC.aws_subnet.public_subs",
            "module.VPC.aws_vpc.main_vpc"
          ],
          "create_before_destroy": true
        }
      ]
    },
    {
      "module": "module.Webserver",
      "mode": "managed",
      "type": "aws_security_group",
      "name": "Webserver_sg",
      "provider": "provider[\"registry.opentofu.org/hashicorp/aws\"]",
      "instances": [
        {
          "schema_version": 1,
          "attributes": {
            "arn": "arn:aws:ec2:ap-south-1:732837927423:security-group/sg-007a9b879209c62db",
            "description": "Security group for Webserver host",
            "egress": [
              {
                "cidr_blocks": [
                  "0.0.0.0/0"
                ],
                "description": "",
                "from_port": 0,
                "ipv6_cidr_blocks": [],
                "prefix_list_ids": [],
                "protocol": "-1",
                "security_groups": [],
                "self": false,
                "to_port": 0
              }
            ],
            "id": "sg-007a9b879209c62db",
            "ingress": [
              {
                "cidr_blocks": [
                  "0.0.0.0/0"
                ],
                "description": "",
                "from_port": 22,
                "ipv6_cidr_blocks": [],
                "prefix_list_ids": [],
                "protocol": "tcp",
                "security_groups": [],
                "self": false,
                "to_port": 22
              }
            ],
            "name": "Webserver_sg",
            "name_prefix": "",
            "owner_id": "732837927423",
            "revoke_rules_on_delete": false,
            "tags": {
              "Name": "Webserver-security-group"
            },
            "tags_all": {
              "Name": "Webserver-security-group"
            },
            "timeouts": null,
            "vpc_id": "vpc-07dce06df5b268359"
          },
          "sensitive_attributes": [],
          "private": "eyJlMmJmYjczMC1lY2FhLTExZTYtOGY4OC0zNDM2M2JjN2M0YzAiOnsiY3JlYXRlIjo2MDAwMDAwMDAwMDAsImRlbGV0ZSI6OTAwMDAwMDAwMDAwfSwic2NoZW1hX3ZlcnNpb24iOiIxIn0=",
          "dependencies": [
            "module.VPC.aws_eip.nat_eip",
            "module.VPC.aws_internet_gateway.gw",
            "module.VPC.aws_nat_gateway.ngw",
            "module.VPC.aws_route_table.private_rt",
            "module.VPC.aws_route_table.second_rt",
            "module.VPC.aws_route_table_association.private_subnet_asso",
            "module.VPC.aws_route_table_association.public_subnet_asso",
            "module.VPC.aws_subnet.private_subs",
            "module.VPC.aws_subnet.public_subs",
            "module.VPC.aws_vpc.main_vpc"
          ],
          "create_before_destroy": true
        }
      ]
    },
    {
      "module": "module.EKS",
      "mode": "data",
      "type": "aws_iam_policy_document",
      "name": "eks_node_group_policy_document",
      "provider": "provider[\"registry.opentofu.org/hashicorp/aws\"]",
      "instances": [
        {
          "schema_version": 0,
          "attributes": {
            "id": "2851119427",
            "json": "{\n  \"Version\": \"2012-10-17\",\n  \"Statement\": [\n    {\n      \"Effect\": \"Allow\",\n      \"Action\": \"sts:AssumeRole\",\n      \"Principal\": {\n        \"Service\": \"ec2.amazonaws.com\"\n      }\n    }\n  ]\n}",
            "override_policy_documents": null,
            "policy_id": null,
            "source_policy_documents": null,
            "statement": [
              {
                "actions": [
                  "sts:AssumeRole"
                ],
                "condition": [],
                "effect": "Allow",
                "not_actions": [],
                "not_principals": [],
                "not_resources": [],
                "principals": [
                  {
                    "identifiers": [
                      "ec2.amazonaws.com"
                    ],
                    "type": "Service"
                  }
                ],
                "resources": [],
                "sid": ""
              }
            ],
            "version": "2012-10-17"
          },
          "sensitive_attributes": []
        }
      ]
    },
    {
      "module": "module.EKS",
      "mode": "data",
      "type": "aws_iam_policy_document",
      "name": "eks_policy_doc",
      "provider": "provider[\"registry.opentofu.org/hashicorp/aws\"]",
      "instances": [
        {
          "schema_version": 0,
          "attributes": {
            "id": "3552664922",
            "json": "{\n  \"Version\": \"2012-10-17\",\n  \"Statement\": [\n    {\n      \"Effect\": \"Allow\",\n      \"Action\": \"sts:AssumeRole\",\n      \"Principal\": {\n        \"Service\": \"eks.amazonaws.com\"\n      }\n    }\n  ]\n}",
            "override_policy_documents": null,
            "policy_id": null,
            "source_policy_documents": null,
            "statement": [
              {
                "actions": [
                  "sts:AssumeRole"
                ],
                "condition": [],
                "effect": "Allow",
                "not_actions": [],
                "not_principals": [],
                "not_resources": [],
                "principals": [
                  {
                    "identifiers": [
                      "eks.amazonaws.com"
                    ],
                    "type": "Service"
                  }
                ],
                "resources": [],
                "sid": ""
              }
            ],
            "version": "2012-10-17"
          },
          "sensitive_attributes": []
        }
      ]
    },
    {
      "module": "module.EKS",
      "mode": "data",
      "type": "aws_subnets",
      "name": "private",
      "provider": "provider[\"registry.opentofu.org/hashicorp/aws\"]",
      "instances": [
        {
          "schema_version": 0,
          "attributes": {
            "filter": [
              {
                "name": "tag:env",
                "values": [
                  "Private"
                ]
              }
            ],
            "id": "ap-south-1",
            "ids": [
              "subnet-079fca9dcbb6de9ff",
              "subnet-01ee4d78e74169ed4"
            ],
            "tags": null,
            "timeouts": null
          },
          "sensitive_attributes": []
        }
      ]
    },
    {
      "module": "module.EKS",
      "mode": "managed",
      "type": "aws_eks_cluster",
      "name": "eks_cluster",
      "provider": "provider[\"registry.opentofu.org/hashicorp/aws\"]",
      "instances": [
        {
          "schema_version": 0,
          "attributes": {
            "arn": "arn:aws:eks:ap-south-1:732837927423:cluster/Fintrust-Prod-eks-cluster",
            "certificate_authority": [
              {
                "data": "LS0tLS1CRUdJTiBDRVJUSUZJQ0FURS0tLS0tCk1JSURCVENDQWUyZ0F3SUJBZ0lJRjFBc1RIenNrQk13RFFZSktvWklodmNOQVFFTEJRQXdGVEVUTUJFR0ExVUUKQXhNS2EzVmlaWEp1WlhSbGN6QWVGdzB5TkRBeE1USXhNekEzTXpCYUZ3MHpOREF4TURreE16RXlNekJhTUJVeApFekFSQmdOVkJBTVRDbXQxWW1WeWJtVjBaWE13Z2dFaU1BMEdDU3FHU0liM0RRRUJBUVVBQTRJQkR3QXdnZ0VLCkFvSUJBUUN4MFd3QkI4bVBZMjhncVlYQnJ3SVVaVVJ4WS96TUFzVlZaREowZitwM0hFWXdhRG1uOHg1MU9aOUUKTTVSZE9MK2NtWnlLUCtCSmdJVU12cHpndVRnc2M0MkIvUU5KdytqYU03T3FqeGZjRG5INVRDLzlJMmNQOWdacQpwMUVOZ0hadHp2UHpyWnhiMmVHMXRrYjhPRjl6aWhKb2hoWHVGVDRHL3VBVFJVcmJ2Nzdka01lbWlKYzJUTmNmCkwyQ3BNcWk4R2JRei9mK090bzlyWXJUa1d3OUdFeUVLcHBGNjU3cGZURzhjdWdabEorR3hubGQrWHVoeTk3WTUKUDZEaXBHbC9TRWlRYkt0cXBud29sZFRCRHNjM0RUZ1FsdnlSVDQrRjRmeVBLcW52T2xMUEJBbWhmWGtDYW0xQQpXSkRnTXFMSmJpSnhFRzZUU1BwdXpIU3k1dWIzQWdNQkFBR2pXVEJYTUE0R0ExVWREd0VCL3dRRUF3SUNwREFQCkJnTlZIUk1CQWY4RUJUQURBUUgvTUIwR0ExVWREZ1FXQkJTVDc5RkF2aTJOcVhnaWR1cGJFQlJWS1NCOTlEQVYKQmdOVkhSRUVEakFNZ2dwcmRXSmxjbTVsZEdWek1BMEdDU3FHU0liM0RRRUJDd1VBQTRJQkFRQ0FhM2x4cU1NcQpWaFhSTnVMTmtWUmNaTzVKbjZnRjRRTDBiVGJoQ2JoTjVvcHFwVmtuUklYSmxQVFZXNXN2SXFuazIwSU13N0p4CjQzZWx2d1BxdW5DUFp0Tk50QkxkMi9vVVJtREg0UDd1WDA3WU00VFRGRHVGUWNvRFE5YXE5ZGUyQXdSN2I2bVAKUG9ZQVI2OU5tcXh2MVNuYXFnWUJtMW1wOHlZdVNtd2FqaXliVGtHSFJzbXZvcjE0TkxlU1lzeHBIL3pOUWRFRQpYUTMvZkdENE8vRkpETDdjcHdkZ1I0TUpGbEt6czlndExLOWx1MkVYMVlFV1V5ZEVRQ3BMYnRDaHhXK0dONU5IClJSSnVaWGI1eERqM21rY090U3g4djd4Q0FLaXR2UFlHanI0TU5yaURZdE8xTHZRbkFUY1NVZ2lmUHFNMWJYS0MKK2tWU0VOZFJIT2pPCi0tLS0tRU5EIENFUlRJRklDQVRFLS0tLS0K"
              }
            ],
            "cluster_id": null,
            "created_at": "2024-01-12 13:08:09.384 +0000 UTC",
            "enabled_cluster_log_types": null,
            "encryption_config": [],
            "endpoint": "https://BAE4E19B3C4A9ADFA13994B1E03AA493.gr7.ap-south-1.eks.amazonaws.com",
            "id": "Fintrust-Prod-eks-cluster",
            "identity": [
              {
                "oidc": [
                  {
                    "issuer": "https://oidc.eks.ap-south-1.amazonaws.com/id/BAE4E19B3C4A9ADFA13994B1E03AA493"
                  }
                ]
              }
            ],
            "kubernetes_network_config": [
              {
                "ip_family": "ipv4",
                "service_ipv4_cidr": "172.20.0.0/16",
                "service_ipv6_cidr": ""
              }
            ],
            "name": "Fintrust-Prod-eks-cluster",
            "outpost_config": [],
            "platform_version": "eks.6",
            "role_arn": "arn:aws:iam::732837927423:role/eks-cluster-role",
            "status": "ACTIVE",
            "tags": null,
            "tags_all": {},
            "timeouts": null,
            "version": "1.28",
            "vpc_config": [
              {
                "cluster_security_group_id": "sg-0826d14531e1e70f1",
                "endpoint_private_access": true,
                "endpoint_public_access": false,
                "public_access_cidrs": [],
                "security_group_ids": null,
                "subnet_ids": [
                  "subnet-01ee4d78e74169ed4",
                  "subnet-079fca9dcbb6de9ff"
                ],
                "vpc_id": "vpc-07dce06df5b268359"
              }
            ]
          },
          "sensitive_attributes": [],
          "private": "eyJlMmJmYjczMC1lY2FhLTExZTYtOGY4OC0zNDM2M2JjN2M0YzAiOnsiY3JlYXRlIjoxODAwMDAwMDAwMDAwLCJkZWxldGUiOjkwMDAwMDAwMDAwMCwidXBkYXRlIjozNjAwMDAwMDAwMDAwfX0=",
          "dependencies": [
            "module.Webserver.aws_instance.Webserver",
            "module.Webserver.aws_key_pair.Webserver_key_pair",
            "module.Webserver.aws_security_group.Webserver_sg",
            "module.EKS.aws_iam_role.eks_cluster_role",
            "module.EKS.aws_iam_role_policy_attachment.eks_cluster_role-policy-attachment-AmazonEKSClusterPolicy",
            "module.EKS.data.aws_iam_policy_document.eks_policy_doc",
            "module.VPC.aws_eip.nat_eip",
            "module.VPC.aws_internet_gateway.gw",
            "module.VPC.aws_nat_gateway.ngw",
            "module.VPC.aws_route_table.private_rt",
            "module.VPC.aws_route_table.second_rt",
            "module.VPC.aws_route_table_association.private_subnet_asso",
            "module.VPC.aws_route_table_association.public_subnet_asso",
            "module.VPC.aws_subnet.private_subs",
            "module.VPC.aws_subnet.public_subs",
            "module.VPC.aws_vpc.main_vpc"
          ],
          "create_before_destroy": true
        }
      ]
    },
    {
      "module": "module.EKS",
      "mode": "managed",
      "type": "aws_eks_node_group",
      "name": "eks_node_group",
      "provider": "provider[\"registry.opentofu.org/hashicorp/aws\"]",
      "instances": [
        {
          "status": "tainted",
          "schema_version": 0,
          "attributes": {
            "ami_type": "AL2_x86_64",
            "arn": null,
            "capacity_type": "ON_DEMAND",
            "cluster_name": "Fintrust-Prod-eks-cluster",
            "disk_size": null,
            "force_update_version": null,
            "id": "Fintrust-Prod-eks-cluster:Fintrust-Prod-eks-node-group",
            "instance_types": null,
            "labels": null,
            "launch_template": [
              {
                "id": "lt-06e295e8a198a8649",
                "name": "",
                "version": "1"
              }
            ],
            "node_group_name": "Fintrust-Prod-eks-node-group",
            "node_group_name_prefix": null,
            "node_role_arn": "arn:aws:iam::732837927423:role/eks_node_group_role",
            "release_version": null,
            "remote_access": [],
            "resources": null,
            "scaling_config": [
              {
                "desired_size": 1,
                "max_size": 2,
                "min_size": 1
              }
            ],
            "status": null,
            "subnet_ids": [
              "subnet-01ee4d78e74169ed4",
              "subnet-079fca9dcbb6de9ff"
            ],
            "tags": null,
            "tags_all": null,
            "taint": [],
            "timeouts": null,
            "update_config": null,
            "version": null
          },
          "sensitive_attributes": [],
          "private": "eyJlMmJmYjczMC1lY2FhLTExZTYtOGY4OC0zNDM2M2JjN2M0YzAiOnsiY3JlYXRlIjozNjAwMDAwMDAwMDAwLCJkZWxldGUiOjM2MDAwMDAwMDAwMDAsInVwZGF0ZSI6MzYwMDAwMDAwMDAwMH19",
          "dependencies": [
            "module.Webserver.aws_instance.Webserver",
            "module.Webserver.aws_key_pair.Webserver_key_pair",
            "module.Webserver.aws_security_group.Webserver_sg",
            "module.EKS.aws_eks_cluster.eks_cluster",
            "module.EKS.aws_iam_role.eks_cluster_role",
            "module.EKS.aws_iam_role.eks_node_group_role",
            "module.EKS.aws_iam_role_policy_attachment.eks_cluster_role-policy-attachment-AmazonEKSClusterPolicy",
            "module.EKS.aws_iam_role_policy_attachment.eks_node_group_role-policy-attachment-AmazonEC2ContainerRegistryReadOnly",
            "module.EKS.aws_iam_role_policy_attachment.eks_node_group_role-policy-attachment-AmazonEKSWorkerNodePolicy",
            "module.EKS.aws_iam_role_policy_attachment.eks_node_group_role-policy-attachment-AmazonEKS_CNI_Policy",
            "module.EKS.aws_launch_template.eks_launch_template",
            "module.EKS.aws_security_group.eks_nodegroup_sg",
            "module.EKS.data.aws_iam_policy_document.eks_node_group_policy_document",
            "module.EKS.data.aws_iam_policy_document.eks_policy_doc",
            "module.VPC.aws_eip.nat_eip",
            "module.VPC.aws_internet_gateway.gw",
            "module.VPC.aws_nat_gateway.ngw",
            "module.VPC.aws_route_table.private_rt",
            "module.VPC.aws_route_table.second_rt",
            "module.VPC.aws_route_table_association.private_subnet_asso",
            "module.VPC.aws_route_table_association.public_subnet_asso",
            "module.VPC.aws_subnet.private_subs",
            "module.VPC.aws_subnet.public_subs",
            "module.VPC.aws_vpc.main_vpc"
          ],
          "create_before_destroy": true
        }
      ]
    },
    {
      "module": "module.EKS",
      "mode": "managed",
      "type": "aws_iam_role",
      "name": "eks_cluster_role",
      "provider": "provider[\"registry.opentofu.org/hashicorp/aws\"]",
      "instances": [
        {
          "schema_version": 0,
          "attributes": {
            "arn": "arn:aws:iam::732837927423:role/eks-cluster-role",
            "assume_role_policy": "{\"Statement\":[{\"Action\":\"sts:AssumeRole\",\"Effect\":\"Allow\",\"Principal\":{\"Service\":\"eks.amazonaws.com\"}}],\"Version\":\"2012-10-17\"}",
            "create_date": "2024-01-12T13:08:04Z",
            "description": "",
            "force_detach_policies": false,
            "id": "eks-cluster-role",
            "inline_policy": [],
            "managed_policy_arns": [],
            "max_session_duration": 3600,
            "name": "eks-cluster-role",
            "name_prefix": "",
            "path": "/",
            "permissions_boundary": "",
            "tags": null,
            "tags_all": {},
            "unique_id": "AROA2VIELLH7XJR3IEN3U"
          },
          "sensitive_attributes": [],
          "private": "bnVsbA==",
          "dependencies": [
            "module.Webserver.aws_instance.Webserver",
            "module.Webserver.aws_key_pair.Webserver_key_pair",
            "module.Webserver.aws_security_group.Webserver_sg",
            "module.EKS.data.aws_iam_policy_document.eks_policy_doc",
            "module.VPC.aws_eip.nat_eip",
            "module.VPC.aws_internet_gateway.gw",
            "module.VPC.aws_nat_gateway.ngw",
            "module.VPC.aws_route_table.private_rt",
            "module.VPC.aws_route_table.second_rt",
            "module.VPC.aws_route_table_association.private_subnet_asso",
            "module.VPC.aws_route_table_association.public_subnet_asso",
            "module.VPC.aws_subnet.private_subs",
            "module.VPC.aws_subnet.public_subs",
            "module.VPC.aws_vpc.main_vpc"
          ],
          "create_before_destroy": true
        }
      ]
    },
    {
      "module": "module.EKS",
      "mode": "managed",
      "type": "aws_iam_role",
      "name": "eks_node_group_role",
      "provider": "provider[\"registry.opentofu.org/hashicorp/aws\"]",
      "instances": [
        {
          "schema_version": 0,
          "attributes": {
            "arn": "arn:aws:iam::732837927423:role/eks_node_group_role",
            "assume_role_policy": "{\"Statement\":[{\"Action\":\"sts:AssumeRole\",\"Effect\":\"Allow\",\"Principal\":{\"Service\":\"ec2.amazonaws.com\"}}],\"Version\":\"2012-10-17\"}",
            "create_date": "2024-01-12T13:08:04Z",
            "description": "",
            "force_detach_policies": false,
            "id": "eks_node_group_role",
            "inline_policy": [],
            "managed_policy_arns": [],
            "max_session_duration": 3600,
            "name": "eks_node_group_role",
            "name_prefix": "",
            "path": "/",
            "permissions_boundary": "",
            "tags": null,
            "tags_all": {},
            "unique_id": "AROA2VIELLH7WBI34V5ZP"
          },
          "sensitive_attributes": [],
          "private": "bnVsbA==",
          "dependencies": [
            "module.Webserver.aws_instance.Webserver",
            "module.Webserver.aws_key_pair.Webserver_key_pair",
            "module.Webserver.aws_security_group.Webserver_sg",
            "module.EKS.data.aws_iam_policy_document.eks_node_group_policy_document",
            "module.VPC.aws_eip.nat_eip",
            "module.VPC.aws_internet_gateway.gw",
            "module.VPC.aws_nat_gateway.ngw",
            "module.VPC.aws_route_table.private_rt",
            "module.VPC.aws_route_table.second_rt",
            "module.VPC.aws_route_table_association.private_subnet_asso",
            "module.VPC.aws_route_table_association.public_subnet_asso",
            "module.VPC.aws_subnet.private_subs",
            "module.VPC.aws_subnet.public_subs",
            "module.VPC.aws_vpc.main_vpc"
          ],
          "create_before_destroy": true
        }
      ]
    },
    {
      "module": "module.EKS",
      "mode": "managed",
      "type": "aws_iam_role_policy_attachment",
      "name": "eks_cluster_role-policy-attachment-AmazonEKSClusterPolicy",
      "provider": "provider[\"registry.opentofu.org/hashicorp/aws\"]",
      "instances": [
        {
          "schema_version": 0,
          "attributes": {
            "id": "eks-cluster-role-20240112130806053000000004",
            "policy_arn": "arn:aws:iam::aws:policy/AmazonEKSClusterPolicy",
            "role": "eks-cluster-role"
          },
          "sensitive_attributes": [],
          "private": "bnVsbA==",
          "dependencies": [
            "module.Webserver.aws_instance.Webserver",
            "module.Webserver.aws_key_pair.Webserver_key_pair",
            "module.Webserver.aws_security_group.Webserver_sg",
            "module.EKS.aws_iam_role.eks_cluster_role",
            "module.EKS.data.aws_iam_policy_document.eks_policy_doc",
            "module.VPC.aws_eip.nat_eip",
            "module.VPC.aws_internet_gateway.gw",
            "module.VPC.aws_nat_gateway.ngw",
            "module.VPC.aws_route_table.private_rt",
            "module.VPC.aws_route_table.second_rt",
            "module.VPC.aws_route_table_association.private_subnet_asso",
            "module.VPC.aws_route_table_association.public_subnet_asso",
            "module.VPC.aws_subnet.private_subs",
            "module.VPC.aws_subnet.public_subs",
            "module.VPC.aws_vpc.main_vpc"
          ],
          "create_before_destroy": true
        }
      ]
    },
    {
      "module": "module.EKS",
      "mode": "managed",
      "type": "aws_iam_role_policy_attachment",
      "name": "eks_node_group_role-policy-attachment-AmazonEC2ContainerRegistryReadOnly",
      "provider": "provider[\"registry.opentofu.org/hashicorp/aws\"]",
      "instances": [
        {
          "schema_version": 0,
          "attributes": {
            "id": "eks_node_group_role-20240112130806092200000005",
            "policy_arn": "arn:aws:iam::aws:policy/AmazonEC2ContainerRegistryReadOnly",
            "role": "eks_node_group_role"
          },
          "sensitive_attributes": [],
          "private": "bnVsbA==",
          "dependencies": [
            "module.Webserver.aws_instance.Webserver",
            "module.Webserver.aws_key_pair.Webserver_key_pair",
            "module.Webserver.aws_security_group.Webserver_sg",
            "module.EKS.aws_iam_role.eks_node_group_role",
            "module.EKS.data.aws_iam_policy_document.eks_node_group_policy_document",
            "module.VPC.aws_eip.nat_eip",
            "module.VPC.aws_internet_gateway.gw",
            "module.VPC.aws_nat_gateway.ngw",
            "module.VPC.aws_route_table.private_rt",
            "module.VPC.aws_route_table.second_rt",
            "module.VPC.aws_route_table_association.private_subnet_asso",
            "module.VPC.aws_route_table_association.public_subnet_asso",
            "module.VPC.aws_subnet.private_subs",
            "module.VPC.aws_subnet.public_subs",
            "module.VPC.aws_vpc.main_vpc"
          ],
          "create_before_destroy": true
        }
      ]
    },
    {
      "module": "module.EKS",
      "mode": "managed",
      "type": "aws_iam_role_policy_attachment",
      "name": "eks_node_group_role-policy-attachment-AmazonEKSWorkerNodePolicy",
      "provider": "provider[\"registry.opentofu.org/hashicorp/aws\"]",
      "instances": [
        {
          "schema_version": 0,
          "attributes": {
            "id": "eks_node_group_role-20240112130806376300000007",
            "policy_arn": "arn:aws:iam::aws:policy/AmazonEKSWorkerNodePolicy",
            "role": "eks_node_group_role"
          },
          "sensitive_attributes": [],
          "private": "bnVsbA==",
          "dependencies": [
            "module.Webserver.aws_instance.Webserver",
            "module.Webserver.aws_key_pair.Webserver_key_pair",
            "module.Webserver.aws_security_group.Webserver_sg",
            "module.EKS.aws_iam_role.eks_node_group_role",
            "module.EKS.data.aws_iam_policy_document.eks_node_group_policy_document",
            "module.VPC.aws_eip.nat_eip",
            "module.VPC.aws_internet_gateway.gw",
            "module.VPC.aws_nat_gateway.ngw",
            "module.VPC.aws_route_table.private_rt",
            "module.VPC.aws_route_table.second_rt",
            "module.VPC.aws_route_table_association.private_subnet_asso",
            "module.VPC.aws_route_table_association.public_subnet_asso",
            "module.VPC.aws_subnet.private_subs",
            "module.VPC.aws_subnet.public_subs",
            "module.VPC.aws_vpc.main_vpc"
          ],
          "create_before_destroy": true
        }
      ]
    },
    {
      "module": "module.EKS",
      "mode": "managed",
      "type": "aws_iam_role_policy_attachment",
      "name": "eks_node_group_role-policy-attachment-AmazonEKS_CNI_Policy",
      "provider": "provider[\"registry.opentofu.org/hashicorp/aws\"]",
      "instances": [
        {
          "schema_version": 0,
          "attributes": {
            "id": "eks_node_group_role-20240112130806344300000006",
            "policy_arn": "arn:aws:iam::aws:policy/AmazonEKS_CNI_Policy",
            "role": "eks_node_group_role"
          },
          "sensitive_attributes": [],
          "private": "bnVsbA==",
          "dependencies": [
            "module.Webserver.aws_instance.Webserver",
            "module.Webserver.aws_key_pair.Webserver_key_pair",
            "module.Webserver.aws_security_group.Webserver_sg",
            "module.EKS.aws_iam_role.eks_node_group_role",
            "module.EKS.data.aws_iam_policy_document.eks_node_group_policy_document",
            "module.VPC.aws_eip.nat_eip",
            "module.VPC.aws_internet_gateway.gw",
            "module.VPC.aws_nat_gateway.ngw",
            "module.VPC.aws_route_table.private_rt",
            "module.VPC.aws_route_table.second_rt",
            "module.VPC.aws_route_table_association.private_subnet_asso",
            "module.VPC.aws_route_table_association.public_subnet_asso",
            "module.VPC.aws_subnet.private_subs",
            "module.VPC.aws_subnet.public_subs",
            "module.VPC.aws_vpc.main_vpc"
          ],
          "create_before_destroy": true
        }
      ]
    },
    {
      "module": "module.EKS",
      "mode": "managed",
      "type": "aws_launch_template",
      "name": "eks_launch_template",
      "provider": "provider[\"registry.opentofu.org/hashicorp/aws\"]",
      "instances": [
        {
          "schema_version": 0,
          "attributes": {
            "arn": "arn:aws:ec2:ap-south-1:732837927423:launch-template/lt-06e295e8a198a8649",
            "block_device_mappings": [
              {
                "device_name": "/dev/xvda",
                "ebs": [
                  {
                    "delete_on_termination": "",
                    "encrypted": "",
                    "iops": 0,
                    "kms_key_id": "",
                    "snapshot_id": "",
                    "throughput": 0,
                    "volume_size": 8,
                    "volume_type": "gp2"
                  }
                ],
                "no_device": "",
                "virtual_name": ""
              }
            ],
            "capacity_reservation_specification": [],
            "cpu_options": [],
            "credit_specification": [],
            "default_version": 1,
            "description": "",
            "disable_api_stop": false,
            "disable_api_termination": false,
            "ebs_optimized": "",
            "elastic_gpu_specifications": [],
            "elastic_inference_accelerator": [],
            "enclave_options": [],
            "hibernation_options": [],
            "iam_instance_profile": [],
            "id": "lt-06e295e8a198a8649",
            "image_id": "",
            "instance_initiated_shutdown_behavior": "",
            "instance_market_options": [],
            "instance_requirements": [],
            "instance_type": "t2.micro",
            "kernel_id": "",
            "key_name": "",
            "latest_version": 1,
            "license_specification": [],
            "maintenance_options": [],
            "metadata_options": [],
            "monitoring": [],
            "name": "fintrust_eks_launch_template",
            "name_prefix": "",
            "network_interfaces": [],
            "placement": [],
            "private_dns_name_options": [],
            "ram_disk_id": "",
            "security_group_names": null,
            "tag_specifications": [
              {
                "resource_type": "instance",
                "tags": {
                  "Name": "Fintrust-prod"
                }
              }
            ],
            "tags": null,
            "tags_all": {},
            "update_default_version": null,
            "user_data": "",
            "vpc_security_group_ids": [
              "sg-0439bbe170e2c2c9c"
            ]
          },
          "sensitive_attributes": [],
          "private": "bnVsbA==",
          "dependencies": [
            "module.Webserver.aws_instance.Webserver",
            "module.Webserver.aws_key_pair.Webserver_key_pair",
            "module.Webserver.aws_security_group.Webserver_sg",
            "module.EKS.aws_security_group.eks_nodegroup_sg",
            "module.VPC.aws_eip.nat_eip",
            "module.VPC.aws_internet_gateway.gw",
            "module.VPC.aws_nat_gateway.ngw",
            "module.VPC.aws_route_table.private_rt",
            "module.VPC.aws_route_table.second_rt",
            "module.VPC.aws_route_table_association.private_subnet_asso",
            "module.VPC.aws_route_table_association.public_subnet_asso",
            "module.VPC.aws_subnet.private_subs",
            "module.VPC.aws_subnet.public_subs",
            "module.VPC.aws_vpc.main_vpc"
          ],
          "create_before_destroy": true
        }
      ]
    },
    {
      "module": "module.EKS",
      "mode": "managed",
      "type": "aws_security_group",
      "name": "eks_nodegroup_sg",
      "provider": "provider[\"registry.opentofu.org/hashicorp/aws\"]",
      "instances": [
        {
          "schema_version": 1,
          "attributes": {
            "arn": "arn:aws:ec2:ap-south-1:732837927423:security-group/sg-0439bbe170e2c2c9c",
            "description": "security group for EKS managed node group",
            "egress": [
              {
                "cidr_blocks": [
                  "0.0.0.0/0"
                ],
                "description": "",
                "from_port": 0,
                "ipv6_cidr_blocks": [],
                "prefix_list_ids": [],
                "protocol": "-1",
                "security_groups": [],
                "self": false,
                "to_port": 0
              }
            ],
            "id": "sg-0439bbe170e2c2c9c",
            "ingress": [
              {
                "cidr_blocks": [],
                "description": "",
                "from_port": 0,
                "ipv6_cidr_blocks": [],
                "prefix_list_ids": [],
                "protocol": "-1",
                "security_groups": [
                  "sg-007a9b879209c62db"
                ],
                "self": false,
                "to_port": 0
              },
              {
                "cidr_blocks": [],
                "description": "",
                "from_port": 0,
                "ipv6_cidr_blocks": [],
                "prefix_list_ids": [],
                "protocol": "-1",
                "security_groups": [],
                "self": true,
                "to_port": 0
              }
            ],
            "name": "Fintrust-Prod-eks-node-group-sg",
            "name_prefix": "",
            "owner_id": "732837927423",
            "revoke_rules_on_delete": false,
            "tags": null,
            "tags_all": {},
            "timeouts": null,
            "vpc_id": "vpc-07dce06df5b268359"
          },
          "sensitive_attributes": [],
          "private": "eyJlMmJmYjczMC1lY2FhLTExZTYtOGY4OC0zNDM2M2JjN2M0YzAiOnsiY3JlYXRlIjo2MDAwMDAwMDAwMDAsImRlbGV0ZSI6OTAwMDAwMDAwMDAwfSwic2NoZW1hX3ZlcnNpb24iOiIxIn0=",
          "dependencies": [
            "module.Webserver.aws_instance.Webserver",
            "module.Webserver.aws_key_pair.Webserver_key_pair",
            "module.Webserver.aws_security_group.Webserver_sg",
            "module.VPC.aws_eip.nat_eip",
            "module.VPC.aws_internet_gateway.gw",
            "module.VPC.aws_nat_gateway.ngw",
            "module.VPC.aws_route_table.private_rt",
            "module.VPC.aws_route_table.second_rt",
            "module.VPC.aws_route_table_association.private_subnet_asso",
            "module.VPC.aws_route_table_association.public_subnet_asso",
            "module.VPC.aws_subnet.private_subs",
            "module.VPC.aws_subnet.public_subs",
            "module.VPC.aws_vpc.main_vpc"
          ],
          "create_before_destroy": true
        }
      ]
    },
    {
      "module": "module.VPC",
      "mode": "managed",
      "type": "aws_eip",
      "name": "nat_eip",
      "provider": "provider[\"registry.opentofu.org/hashicorp/aws\"]",
      "instances": [
        {
          "schema_version": 0,
          "attributes": {
            "address": null,
            "allocation_id": "eipalloc-02d26c17d9206300c",
            "associate_with_private_ip": null,
            "association_id": "",
            "carrier_ip": "",
            "customer_owned_ip": "",
            "customer_owned_ipv4_pool": "",
            "domain": "vpc",
            "id": "eipalloc-02d26c17d9206300c",
            "instance": "",
            "network_border_group": "ap-south-1",
            "network_interface": "",
            "private_dns": null,
            "private_ip": "",
            "public_dns": "ec2-13-127-190-169.ap-south-1.compute.amazonaws.com",
            "public_ip": "13.127.190.169",
            "public_ipv4_pool": "amazon",
            "tags": {
              "Name": "Nat-GW-eip"
            },
            "tags_all": {
              "Name": "Nat-GW-eip"
            },
            "timeouts": null,
            "vpc": true
          },
          "sensitive_attributes": [],
          "private": "eyJlMmJmYjczMC1lY2FhLTExZTYtOGY4OC0zNDM2M2JjN2M0YzAiOnsiZGVsZXRlIjoxODAwMDAwMDAwMDAsInJlYWQiOjkwMDAwMDAwMDAwMCwidXBkYXRlIjozMDAwMDAwMDAwMDB9fQ==",
          "create_before_destroy": true
        }
      ]
    },
    {
      "module": "module.VPC",
      "mode": "managed",
      "type": "aws_internet_gateway",
      "name": "gw",
      "provider": "provider[\"registry.opentofu.org/hashicorp/aws\"]",
      "instances": [
        {
          "schema_version": 0,
          "attributes": {
            "arn": "arn:aws:ec2:ap-south-1:732837927423:internet-gateway/igw-07e4f68f00fbfae2b",
            "id": "igw-07e4f68f00fbfae2b",
            "owner_id": "732837927423",
            "tags": {
              "Name": "Fintrust-Prod-VPC-IGW"
            },
            "tags_all": {
              "Name": "Fintrust-Prod-VPC-IGW"
            },
            "timeouts": null,
            "vpc_id": "vpc-07dce06df5b268359"
          },
          "sensitive_attributes": [],
          "private": "eyJlMmJmYjczMC1lY2FhLTExZTYtOGY4OC0zNDM2M2JjN2M0YzAiOnsiY3JlYXRlIjoxMjAwMDAwMDAwMDAwLCJkZWxldGUiOjEyMDAwMDAwMDAwMDAsInVwZGF0ZSI6MTIwMDAwMDAwMDAwMH19",
          "dependencies": [
            "module.VPC.aws_vpc.main_vpc"
          ],
          "create_before_destroy": true
        }
      ]
    },
    {
      "module": "module.VPC",
      "mode": "managed",
      "type": "aws_nat_gateway",
      "name": "ngw",
      "provider": "provider[\"registry.opentofu.org/hashicorp/aws\"]",
      "instances": [
        {
          "schema_version": 0,
          "attributes": {
            "allocation_id": "eipalloc-02d26c17d9206300c",
            "association_id": "eipassoc-044803f8d9a04c6ac",
            "connectivity_type": "public",
            "id": "nat-00314d22ad6bac76a",
            "network_interface_id": "eni-0bef562a6a378aabd",
            "private_ip": "10.0.2.203",
            "public_ip": "13.127.190.169",
            "secondary_allocation_ids": null,
            "secondary_private_ip_address_count": 0,
            "secondary_private_ip_addresses": [],
            "subnet_id": "subnet-0c84fb7d90c3a68b5",
            "tags": {
              "Name": "Fintrust-Prod-VPC-NGW"
            },
            "tags_all": {
              "Name": "Fintrust-Prod-VPC-NGW"
            },
            "timeouts": null
          },
          "sensitive_attributes": [],
          "private": "eyJlMmJmYjczMC1lY2FhLTExZTYtOGY4OC0zNDM2M2JjN2M0YzAiOnsiY3JlYXRlIjo2MDAwMDAwMDAwMDAsImRlbGV0ZSI6MTgwMDAwMDAwMDAwMCwidXBkYXRlIjo2MDAwMDAwMDAwMDB9fQ==",
          "dependencies": [
            "module.VPC.aws_eip.nat_eip",
            "module.VPC.aws_internet_gateway.gw",
            "module.VPC.aws_subnet.private_subs",
            "module.VPC.aws_subnet.public_subs",
            "module.VPC.aws_vpc.main_vpc"
          ],
          "create_before_destroy": true
        }
      ]
    },
    {
      "module": "module.VPC",
      "mode": "managed",
      "type": "aws_route_table",
      "name": "private_rt",
      "provider": "provider[\"registry.opentofu.org/hashicorp/aws\"]",
      "instances": [
        {
          "schema_version": 0,
          "attributes": {
            "arn": "arn:aws:ec2:ap-south-1:732837927423:route-table/rtb-028250d85f09d8ecc",
            "id": "rtb-028250d85f09d8ecc",
            "owner_id": "732837927423",
            "propagating_vgws": [],
            "route": [
              {
                "carrier_gateway_id": "",
                "cidr_block": "0.0.0.0/0",
                "core_network_arn": "",
                "destination_prefix_list_id": "",
                "egress_only_gateway_id": "",
                "gateway_id": "nat-00314d22ad6bac76a",
                "ipv6_cidr_block": "",
                "local_gateway_id": "",
                "nat_gateway_id": "",
                "network_interface_id": "",
                "transit_gateway_id": "",
                "vpc_endpoint_id": "",
                "vpc_peering_connection_id": ""
              }
            ],
            "tags": {
              "Name": "Fintrust-Prod-VPC-Private-RT"
            },
            "tags_all": {
              "Name": "Fintrust-Prod-VPC-Private-RT"
            },
            "timeouts": null,
            "vpc_id": "vpc-07dce06df5b268359"
          },
          "sensitive_attributes": [],
          "private": "eyJlMmJmYjczMC1lY2FhLTExZTYtOGY4OC0zNDM2M2JjN2M0YzAiOnsiY3JlYXRlIjozMDAwMDAwMDAwMDAsImRlbGV0ZSI6MzAwMDAwMDAwMDAwLCJ1cGRhdGUiOjEyMDAwMDAwMDAwMH19",
          "dependencies": [
            "module.VPC.aws_eip.nat_eip",
            "module.VPC.aws_internet_gateway.gw",
            "module.VPC.aws_nat_gateway.ngw",
            "module.VPC.aws_subnet.private_subs",
            "module.VPC.aws_subnet.public_subs",
            "module.VPC.aws_vpc.main_vpc"
          ],
          "create_before_destroy": true
        }
      ]
    },
    {
      "module": "module.VPC",
      "mode": "managed",
      "type": "aws_route_table",
      "name": "second_rt",
      "provider": "provider[\"registry.opentofu.org/hashicorp/aws\"]",
      "instances": [
        {
          "schema_version": 0,
          "attributes": {
            "arn": "arn:aws:ec2:ap-south-1:732837927423:route-table/rtb-06c2c73550facb85b",
            "id": "rtb-06c2c73550facb85b",
            "owner_id": "732837927423",
            "propagating_vgws": [],
            "route": [
              {
                "carrier_gateway_id": "",
                "cidr_block": "0.0.0.0/0",
                "core_network_arn": "",
                "destination_prefix_list_id": "",
                "egress_only_gateway_id": "",
                "gateway_id": "igw-07e4f68f00fbfae2b",
                "ipv6_cidr_block": "",
                "local_gateway_id": "",
                "nat_gateway_id": "",
                "network_interface_id": "",
                "transit_gateway_id": "",
                "vpc_endpoint_id": "",
                "vpc_peering_connection_id": ""
              }
            ],
            "tags": {
              "Name": "Fintrust-Prod-VPC-Public-RT"
            },
            "tags_all": {
              "Name": "Fintrust-Prod-VPC-Public-RT"
            },
            "timeouts": null,
            "vpc_id": "vpc-07dce06df5b268359"
          },
          "sensitive_attributes": [],
          "private": "eyJlMmJmYjczMC1lY2FhLTExZTYtOGY4OC0zNDM2M2JjN2M0YzAiOnsiY3JlYXRlIjozMDAwMDAwMDAwMDAsImRlbGV0ZSI6MzAwMDAwMDAwMDAwLCJ1cGRhdGUiOjEyMDAwMDAwMDAwMH19",
          "dependencies": [
            "module.VPC.aws_internet_gateway.gw",
            "module.VPC.aws_subnet.public_subs",
            "module.VPC.aws_vpc.main_vpc"
          ],
          "create_before_destroy": true
        }
      ]
    },
    {
      "module": "module.VPC",
      "mode": "managed",
      "type": "aws_route_table_association",
      "name": "private_subnet_asso",
      "provider": "provider[\"registry.opentofu.org/hashicorp/aws\"]",
      "instances": [
        {
          "index_key": 0,
          "schema_version": 0,
          "attributes": {
            "gateway_id": "",
            "id": "rtbassoc-06382c5e8a5340381",
            "route_table_id": "rtb-028250d85f09d8ecc",
            "subnet_id": "subnet-079fca9dcbb6de9ff",
            "timeouts": null
          },
          "sensitive_attributes": [],
          "private": "eyJlMmJmYjczMC1lY2FhLTExZTYtOGY4OC0zNDM2M2JjN2M0YzAiOnsiY3JlYXRlIjozMDAwMDAwMDAwMDAsImRlbGV0ZSI6MzAwMDAwMDAwMDAwLCJ1cGRhdGUiOjEyMDAwMDAwMDAwMH19",
          "dependencies": [
            "module.VPC.aws_eip.nat_eip",
            "module.VPC.aws_internet_gateway.gw",
            "module.VPC.aws_nat_gateway.ngw",
            "module.VPC.aws_route_table.private_rt",
            "module.VPC.aws_subnet.private_subs",
            "module.VPC.aws_subnet.public_subs",
            "module.VPC.aws_vpc.main_vpc"
          ],
          "create_before_destroy": true
        },
        {
          "index_key": 1,
          "schema_version": 0,
          "attributes": {
            "gateway_id": "",
            "id": "rtbassoc-025335c4a9b83c3a2",
            "route_table_id": "rtb-028250d85f09d8ecc",
            "subnet_id": "subnet-01ee4d78e74169ed4",
            "timeouts": null
          },
          "sensitive_attributes": [],
          "private": "eyJlMmJmYjczMC1lY2FhLTExZTYtOGY4OC0zNDM2M2JjN2M0YzAiOnsiY3JlYXRlIjozMDAwMDAwMDAwMDAsImRlbGV0ZSI6MzAwMDAwMDAwMDAwLCJ1cGRhdGUiOjEyMDAwMDAwMDAwMH19",
          "dependencies": [
            "module.VPC.aws_eip.nat_eip",
            "module.VPC.aws_internet_gateway.gw",
            "module.VPC.aws_nat_gateway.ngw",
            "module.VPC.aws_route_table.private_rt",
            "module.VPC.aws_subnet.private_subs",
            "module.VPC.aws_subnet.public_subs",
            "module.VPC.aws_vpc.main_vpc"
          ],
          "create_before_destroy": true
        }
      ]
    },
    {
      "module": "module.VPC",
      "mode": "managed",
      "type": "aws_route_table_association",
      "name": "public_subnet_asso",
      "provider": "provider[\"registry.opentofu.org/hashicorp/aws\"]",
      "instances": [
        {
          "index_key": 0,
          "schema_version": 0,
          "attributes": {
            "gateway_id": "",
            "id": "rtbassoc-0c28216b80d594ff2",
            "route_table_id": "rtb-06c2c73550facb85b",
            "subnet_id": "subnet-02d45f2f58a8e056b",
            "timeouts": null
          },
          "sensitive_attributes": [],
          "private": "eyJlMmJmYjczMC1lY2FhLTExZTYtOGY4OC0zNDM2M2JjN2M0YzAiOnsiY3JlYXRlIjozMDAwMDAwMDAwMDAsImRlbGV0ZSI6MzAwMDAwMDAwMDAwLCJ1cGRhdGUiOjEyMDAwMDAwMDAwMH19",
          "dependencies": [
            "module.VPC.aws_internet_gateway.gw",
            "module.VPC.aws_route_table.second_rt",
            "module.VPC.aws_subnet.public_subs",
            "module.VPC.aws_vpc.main_vpc"
          ],
          "create_before_destroy": true
        },
        {
          "index_key": 1,
          "schema_version": 0,
          "attributes": {
            "gateway_id": "",
            "id": "rtbassoc-0137cffac827f6f37",
            "route_table_id": "rtb-06c2c73550facb85b",
            "subnet_id": "subnet-0c84fb7d90c3a68b5",
            "timeouts": null
          },
          "sensitive_attributes": [],
          "private": "eyJlMmJmYjczMC1lY2FhLTExZTYtOGY4OC0zNDM2M2JjN2M0YzAiOnsiY3JlYXRlIjozMDAwMDAwMDAwMDAsImRlbGV0ZSI6MzAwMDAwMDAwMDAwLCJ1cGRhdGUiOjEyMDAwMDAwMDAwMH19",
          "dependencies": [
            "module.VPC.aws_internet_gateway.gw",
            "module.VPC.aws_route_table.second_rt",
            "module.VPC.aws_subnet.public_subs",
            "module.VPC.aws_vpc.main_vpc"
          ],
          "create_before_destroy": true
        }
      ]
    },
    {
      "module": "module.VPC",
      "mode": "managed",
      "type": "aws_subnet",
      "name": "private_subs",
      "provider": "provider[\"registry.opentofu.org/hashicorp/aws\"]",
      "instances": [
        {
          "index_key": 0,
          "schema_version": 1,
          "attributes": {
            "arn": "arn:aws:ec2:ap-south-1:732837927423:subnet/subnet-079fca9dcbb6de9ff",
            "assign_ipv6_address_on_creation": false,
            "availability_zone": "ap-south-1a",
            "availability_zone_id": "aps1-az1",
            "cidr_block": "10.0.3.0/24",
            "customer_owned_ipv4_pool": "",
            "enable_dns64": false,
            "enable_lni_at_device_index": 0,
            "enable_resource_name_dns_a_record_on_launch": false,
            "enable_resource_name_dns_aaaa_record_on_launch": false,
            "id": "subnet-079fca9dcbb6de9ff",
            "ipv6_cidr_block": "",
            "ipv6_cidr_block_association_id": "",
            "ipv6_native": false,
            "map_customer_owned_ip_on_launch": false,
            "map_public_ip_on_launch": false,
            "outpost_arn": "",
            "owner_id": "732837927423",
            "private_dns_hostname_type_on_launch": "ip-name",
            "tags": {
              "Name": "Fintrust-Prod-VPC-PrivateSubnet-1",
              "env": "Private"
            },
            "tags_all": {
              "Name": "Fintrust-Prod-VPC-PrivateSubnet-1",
              "env": "Private"
            },
            "timeouts": null,
            "vpc_id": "vpc-07dce06df5b268359"
          },
          "sensitive_attributes": [],
          "private": "eyJlMmJmYjczMC1lY2FhLTExZTYtOGY4OC0zNDM2M2JjN2M0YzAiOnsiY3JlYXRlIjo2MDAwMDAwMDAwMDAsImRlbGV0ZSI6MTIwMDAwMDAwMDAwMH0sInNjaGVtYV92ZXJzaW9uIjoiMSJ9",
          "dependencies": [
            "module.VPC.aws_vpc.main_vpc"
          ],
          "create_before_destroy": true
        },
        {
          "index_key": 1,
          "schema_version": 1,
          "attributes": {
            "arn": "arn:aws:ec2:ap-south-1:732837927423:subnet/subnet-01ee4d78e74169ed4",
            "assign_ipv6_address_on_creation": false,
            "availability_zone": "ap-south-1b",
            "availability_zone_id": "aps1-az3",
            "cidr_block": "10.0.4.0/24",
            "customer_owned_ipv4_pool": "",
            "enable_dns64": false,
            "enable_lni_at_device_index": 0,
            "enable_resource_name_dns_a_record_on_launch": false,
            "enable_resource_name_dns_aaaa_record_on_launch": false,
            "id": "subnet-01ee4d78e74169ed4",
            "ipv6_cidr_block": "",
            "ipv6_cidr_block_association_id": "",
            "ipv6_native": false,
            "map_customer_owned_ip_on_launch": false,
            "map_public_ip_on_launch": false,
            "outpost_arn": "",
            "owner_id": "732837927423",
            "private_dns_hostname_type_on_launch": "ip-name",
            "tags": {
              "Name": "Fintrust-Prod-VPC-PrivateSubnet-2",
              "env": "Private"
            },
            "tags_all": {
              "Name": "Fintrust-Prod-VPC-PrivateSubnet-2",
              "env": "Private"
            },
            "timeouts": null,
            "vpc_id": "vpc-07dce06df5b268359"
          },
          "sensitive_attributes": [],
          "private": "eyJlMmJmYjczMC1lY2FhLTExZTYtOGY4OC0zNDM2M2JjN2M0YzAiOnsiY3JlYXRlIjo2MDAwMDAwMDAwMDAsImRlbGV0ZSI6MTIwMDAwMDAwMDAwMH0sInNjaGVtYV92ZXJzaW9uIjoiMSJ9",
          "dependencies": [
            "module.VPC.aws_vpc.main_vpc"
          ],
          "create_before_destroy": true
        }
      ]
    },
    {
      "module": "module.VPC",
      "mode": "managed",
      "type": "aws_subnet",
      "name": "public_subs",
      "provider": "provider[\"registry.opentofu.org/hashicorp/aws\"]",
      "instances": [
        {
          "index_key": 0,
          "schema_version": 1,
          "attributes": {
            "arn": "arn:aws:ec2:ap-south-1:732837927423:subnet/subnet-02d45f2f58a8e056b",
            "assign_ipv6_address_on_creation": false,
            "availability_zone": "ap-south-1a",
            "availability_zone_id": "aps1-az1",
            "cidr_block": "10.0.1.0/24",
            "customer_owned_ipv4_pool": "",
            "enable_dns64": false,
            "enable_lni_at_device_index": 0,
            "enable_resource_name_dns_a_record_on_launch": false,
            "enable_resource_name_dns_aaaa_record_on_launch": false,
            "id": "subnet-02d45f2f58a8e056b",
            "ipv6_cidr_block": "",
            "ipv6_cidr_block_association_id": "",
            "ipv6_native": false,
            "map_customer_owned_ip_on_launch": false,
            "map_public_ip_on_launch": true,
            "outpost_arn": "",
            "owner_id": "732837927423",
            "private_dns_hostname_type_on_launch": "ip-name",
            "tags": {
              "Name": "Fintrust-Prod-VPC-PublicSubnet-1",
              "env": "Public"
            },
            "tags_all": {
              "Name": "Fintrust-Prod-VPC-PublicSubnet-1",
              "env": "Public"
            },
            "timeouts": null,
            "vpc_id": "vpc-07dce06df5b268359"
          },
          "sensitive_attributes": [],
          "private": "eyJlMmJmYjczMC1lY2FhLTExZTYtOGY4OC0zNDM2M2JjN2M0YzAiOnsiY3JlYXRlIjo2MDAwMDAwMDAwMDAsImRlbGV0ZSI6MTIwMDAwMDAwMDAwMH0sInNjaGVtYV92ZXJzaW9uIjoiMSJ9",
          "dependencies": [
            "module.VPC.aws_vpc.main_vpc"
          ],
          "create_before_destroy": true
        },
        {
          "index_key": 1,
          "schema_version": 1,
          "attributes": {
            "arn": "arn:aws:ec2:ap-south-1:732837927423:subnet/subnet-0c84fb7d90c3a68b5",
            "assign_ipv6_address_on_creation": false,
            "availability_zone": "ap-south-1b",
            "availability_zone_id": "aps1-az3",
            "cidr_block": "10.0.2.0/24",
            "customer_owned_ipv4_pool": "",
            "enable_dns64": false,
            "enable_lni_at_device_index": 0,
            "enable_resource_name_dns_a_record_on_launch": false,
            "enable_resource_name_dns_aaaa_record_on_launch": false,
            "id": "subnet-0c84fb7d90c3a68b5",
            "ipv6_cidr_block": "",
            "ipv6_cidr_block_association_id": "",
            "ipv6_native": false,
            "map_customer_owned_ip_on_launch": false,
            "map_public_ip_on_launch": true,
            "outpost_arn": "",
            "owner_id": "732837927423",
            "private_dns_hostname_type_on_launch": "ip-name",
            "tags": {
              "Name": "Fintrust-Prod-VPC-PublicSubnet-2",
              "env": "Public"
            },
            "tags_all": {
              "Name": "Fintrust-Prod-VPC-PublicSubnet-2",
              "env": "Public"
            },
            "timeouts": null,
            "vpc_id": "vpc-07dce06df5b268359"
          },
          "sensitive_attributes": [],
          "private": "eyJlMmJmYjczMC1lY2FhLTExZTYtOGY4OC0zNDM2M2JjN2M0YzAiOnsiY3JlYXRlIjo2MDAwMDAwMDAwMDAsImRlbGV0ZSI6MTIwMDAwMDAwMDAwMH0sInNjaGVtYV92ZXJzaW9uIjoiMSJ9",
          "dependencies": [
            "module.VPC.aws_vpc.main_vpc"
          ],
          "create_before_destroy": true
        }
      ]
    },
    {
      "module": "module.VPC",
      "mode": "managed",
      "type": "aws_vpc",
      "name": "main_vpc",
      "provider": "provider[\"registry.opentofu.org/hashicorp/aws\"]",
      "instances": [
        {
          "schema_version": 1,
          "attributes": {
            "arn": "arn:aws:ec2:ap-south-1:732837927423:vpc/vpc-07dce06df5b268359",
            "assign_generated_ipv6_cidr_block": false,
            "cidr_block": "10.0.0.0/16",
            "default_network_acl_id": "acl-0c45f9efb1cb77508",
            "default_route_table_id": "rtb-0118d4ec87212a532",
            "default_security_group_id": "sg-0a09d63e7c4faa674",
            "dhcp_options_id": "dopt-0b58b62d1a4b56f20",
            "enable_dns_hostnames": true,
            "enable_dns_support": true,
            "enable_network_address_usage_metrics": false,
            "id": "vpc-07dce06df5b268359",
            "instance_tenancy": "default",
            "ipv4_ipam_pool_id": null,
            "ipv4_netmask_length": null,
            "ipv6_association_id": "",
            "ipv6_cidr_block": "",
            "ipv6_cidr_block_network_border_group": "",
            "ipv6_ipam_pool_id": "",
            "ipv6_netmask_length": 0,
            "main_route_table_id": "rtb-0118d4ec87212a532",
            "owner_id": "732837927423",
            "tags": {
              "Name": "Fintrust-Prod-VPC"
            },
            "tags_all": {
              "Name": "Fintrust-Prod-VPC"
            }
          },
          "sensitive_attributes": [],
          "private": "eyJzY2hlbWFfdmVyc2lvbiI6IjEifQ==",
          "create_before_destroy": true
        }
      ]
    }
  ],
  "check_results": null
}
